// !$*UTF8*$!
{
	archiveVersion = 1;
	classes = {
	};
	objectVersion = 56;
	objects = {

/* Begin PBXBuildFile section */
		E055DB842C19E534003B7D7E /* AppDelegate.swift in Sources */ = {isa = PBXBuildFile; fileRef = E055DB832C19E534003B7D7E /* AppDelegate.swift */; };
		E055DB862C19E534003B7D7E /* SceneDelegate.swift in Sources */ = {isa = PBXBuildFile; fileRef = E055DB852C19E534003B7D7E /* SceneDelegate.swift */; };
		E055DB8B2C19E534003B7D7E /* Main.storyboard in Resources */ = {isa = PBXBuildFile; fileRef = E055DB892C19E534003B7D7E /* Main.storyboard */; };
		E055DB8D2C19E535003B7D7E /* Assets.xcassets in Resources */ = {isa = PBXBuildFile; fileRef = E055DB8C2C19E535003B7D7E /* Assets.xcassets */; };
		E055DB902C19E535003B7D7E /* LaunchScreen.storyboard in Resources */ = {isa = PBXBuildFile; fileRef = E055DB8E2C19E535003B7D7E /* LaunchScreen.storyboard */; };
		E055DB9A2C19E904003B7D7E /* LoginViewController.swift in Sources */ = {isa = PBXBuildFile; fileRef = E055DB992C19E904003B7D7E /* LoginViewController.swift */; };
		E055DB9C2C19E910003B7D7E /* SignupViewController.swift in Sources */ = {isa = PBXBuildFile; fileRef = E055DB9B2C19E910003B7D7E /* SignupViewController.swift */; };
		E055DB9E2C19FA95003B7D7E /* HomeViewController.swift in Sources */ = {isa = PBXBuildFile; fileRef = E055DB9D2C19FA95003B7D7E /* HomeViewController.swift */; };
		E08412072C19FECA00231A93 /* SearchFriendViewController.swift in Sources */ = {isa = PBXBuildFile; fileRef = E08412062C19FECA00231A93 /* SearchFriendViewController.swift */; };
		E08412092C19FED400231A93 /* MyProfileViewController.swift in Sources */ = {isa = PBXBuildFile; fileRef = E08412082C19FED400231A93 /* MyProfileViewController.swift */; };
		E084120B2C19FF0A00231A93 /* AccountViewController.swift in Sources */ = {isa = PBXBuildFile; fileRef = E084120A2C19FF0A00231A93 /* AccountViewController.swift */; };
		E084120D2C1A05B000231A93 /* meetingData.json in Resources */ = {isa = PBXBuildFile; fileRef = E084120C2C1A05B000231A93 /* meetingData.json */; };
		E084120F2C1A074100231A93 /* Meeting.swift in Sources */ = {isa = PBXBuildFile; fileRef = E084120E2C1A074100231A93 /* Meeting.swift */; };
		E08412382C1A0B6700231A93 /* ModelData.swift in Sources */ = {isa = PBXBuildFile; fileRef = E08412372C1A0B6700231A93 /* ModelData.swift */; };
		E084123B2C1A2EEA00231A93 /* FirebaseAnalytics in Frameworks */ = {isa = PBXBuildFile; productRef = E084123A2C1A2EEA00231A93 /* FirebaseAnalytics */; };
		E084123D2C1A2EEA00231A93 /* FirebaseAnalyticsOnDeviceConversion in Frameworks */ = {isa = PBXBuildFile; productRef = E084123C2C1A2EEA00231A93 /* FirebaseAnalyticsOnDeviceConversion */; };
		E084123F2C1A2EEA00231A93 /* FirebaseAnalyticsSwift in Frameworks */ = {isa = PBXBuildFile; productRef = E084123E2C1A2EEA00231A93 /* FirebaseAnalyticsSwift */; };
		E08412412C1A2EEA00231A93 /* FirebaseAnalyticsWithoutAdIdSupport in Frameworks */ = {isa = PBXBuildFile; productRef = E08412402C1A2EEA00231A93 /* FirebaseAnalyticsWithoutAdIdSupport */; };
		E08412432C1A2EEA00231A93 /* FirebaseAppCheck in Frameworks */ = {isa = PBXBuildFile; productRef = E08412422C1A2EEA00231A93 /* FirebaseAppCheck */; };
		E08412452C1A2F1B00231A93 /* SearchFriendTableViewCell.swift in Sources */ = {isa = PBXBuildFile; fileRef = E08412442C1A2F1B00231A93 /* SearchFriendTableViewCell.swift */; };
		E084124A2C1A340800231A93 /* FirebaseFirestore in Frameworks */ = {isa = PBXBuildFile; productRef = E08412492C1A340800231A93 /* FirebaseFirestore */; };
		E084124C2C1A340800231A93 /* FirebaseStorage in Frameworks */ = {isa = PBXBuildFile; productRef = E084124B2C1A340800231A93 /* FirebaseStorage */; };
		E08412502C1A3BFB00231A93 /* GoogleService-Info.plist in Resources */ = {isa = PBXBuildFile; fileRef = E084124F2C1A3BFB00231A93 /* GoogleService-Info.plist */; };
		E08412532C1A3C5200231A93 /* UsersDbFirebase.swift in Sources */ = {isa = PBXBuildFile; fileRef = E08412512C1A3C5100231A93 /* UsersDbFirebase.swift */; };
		E08412542C1A3C5200231A93 /* Database.swift in Sources */ = {isa = PBXBuildFile; fileRef = E08412522C1A3C5100231A93 /* Database.swift */; };
		E08412562C1A3E4800231A93 /* User.swift in Sources */ = {isa = PBXBuildFile; fileRef = E08412552C1A3E4800231A93 /* User.swift */; };
		E08412582C1A3F2300231A93 /* Image.swift in Sources */ = {isa = PBXBuildFile; fileRef = E08412572C1A3F2200231A93 /* Image.swift */; };
		E084125A2C1A981100231A93 /* ImagePool.swift in Sources */ = {isa = PBXBuildFile; fileRef = E08412592C1A981100231A93 /* ImagePool.swift */; };
		E084125C2C1AA8E700231A93 /* FirebaseAuth in Frameworks */ = {isa = PBXBuildFile; productRef = E084125B2C1AA8E700231A93 /* FirebaseAuth */; };
		E084125E2C1ABA4200231A93 /* UsersFollowingDbFirebase.swift in Sources */ = {isa = PBXBuildFile; fileRef = E084125D2C1ABA4200231A93 /* UsersFollowingDbFirebase.swift */; };
		E08412602C1ADB4800231A93 /* Following.swift in Sources */ = {isa = PBXBuildFile; fileRef = E084125F2C1ADB4800231A93 /* Following.swift */; };
		E0E20D942C1B434800E717E2 /* AddMeetingViewController.swift in Sources */ = {isa = PBXBuildFile; fileRef = E0E20D932C1B434800E717E2 /* AddMeetingViewController.swift */; };
		E0E20D962C1C20DF00E717E2 /* UsersMeetingDbFirebase.swift in Sources */ = {isa = PBXBuildFile; fileRef = E0E20D952C1C20DF00E717E2 /* UsersMeetingDbFirebase.swift */; };
		E0E20D9A2C1C7EAE00E717E2 /* AddMeetingFriendCollectionViewCell.swift in Sources */ = {isa = PBXBuildFile; fileRef = E0E20D992C1C7EAE00E717E2 /* AddMeetingFriendCollectionViewCell.swift */; };
		E0E20D9C2C1C9A5600E717E2 /* AddMeetingFriendTableViewCell.swift in Sources */ = {isa = PBXBuildFile; fileRef = E0E20D9B2C1C9A5600E717E2 /* AddMeetingFriendTableViewCell.swift */; };
		E0E20D9E2C1D8F0900E717E2 /* AccountChargeViewController.swift in Sources */ = {isa = PBXBuildFile; fileRef = E0E20D9D2C1D8F0900E717E2 /* AccountChargeViewController.swift */; };
		E0E20DA22C1DAE1A00E717E2 /* MeetingAccountCollectionViewCell.swift in Sources */ = {isa = PBXBuildFile; fileRef = E0E20DA12C1DAE1A00E717E2 /* MeetingAccountCollectionViewCell.swift */; };
		E0E20DA42C1DB7FB00E717E2 /* MeetingAccountChargeViewController.swift in Sources */ = {isa = PBXBuildFile; fileRef = E0E20DA32C1DB7FB00E717E2 /* MeetingAccountChargeViewController.swift */; };
/* End PBXBuildFile section */

/* Begin PBXFileReference section */
		E055DB802C19E534003B7D7E /* ios_termproject_2071145.app */ = {isa = PBXFileReference; explicitFileType = wrapper.application; includeInIndex = 0; path = ios_termproject_2071145.app; sourceTree = BUILT_PRODUCTS_DIR; };
		E055DB832C19E534003B7D7E /* AppDelegate.swift */ = {isa = PBXFileReference; lastKnownFileType = sourcecode.swift; path = AppDelegate.swift; sourceTree = "<group>"; };
		E055DB852C19E534003B7D7E /* SceneDelegate.swift */ = {isa = PBXFileReference; lastKnownFileType = sourcecode.swift; path = SceneDelegate.swift; sourceTree = "<group>"; };
		E055DB8A2C19E534003B7D7E /* Base */ = {isa = PBXFileReference; lastKnownFileType = file.storyboard; name = Base; path = Base.lproj/Main.storyboard; sourceTree = "<group>"; };
		E055DB8C2C19E535003B7D7E /* Assets.xcassets */ = {isa = PBXFileReference; lastKnownFileType = folder.assetcatalog; path = Assets.xcassets; sourceTree = "<group>"; };
		E055DB8F2C19E535003B7D7E /* Base */ = {isa = PBXFileReference; lastKnownFileType = file.storyboard; name = Base; path = Base.lproj/LaunchScreen.storyboard; sourceTree = "<group>"; };
		E055DB912C19E535003B7D7E /* Info.plist */ = {isa = PBXFileReference; lastKnownFileType = text.plist.xml; path = Info.plist; sourceTree = "<group>"; };
		E055DB992C19E904003B7D7E /* LoginViewController.swift */ = {isa = PBXFileReference; lastKnownFileType = sourcecode.swift; path = LoginViewController.swift; sourceTree = "<group>"; };
		E055DB9B2C19E910003B7D7E /* SignupViewController.swift */ = {isa = PBXFileReference; lastKnownFileType = sourcecode.swift; path = SignupViewController.swift; sourceTree = "<group>"; };
		E055DB9D2C19FA95003B7D7E /* HomeViewController.swift */ = {isa = PBXFileReference; lastKnownFileType = sourcecode.swift; path = HomeViewController.swift; sourceTree = "<group>"; };
		E08412062C19FECA00231A93 /* SearchFriendViewController.swift */ = {isa = PBXFileReference; lastKnownFileType = sourcecode.swift; path = SearchFriendViewController.swift; sourceTree = "<group>"; };
		E08412082C19FED400231A93 /* MyProfileViewController.swift */ = {isa = PBXFileReference; lastKnownFileType = sourcecode.swift; path = MyProfileViewController.swift; sourceTree = "<group>"; };
		E084120A2C19FF0A00231A93 /* AccountViewController.swift */ = {isa = PBXFileReference; lastKnownFileType = sourcecode.swift; path = AccountViewController.swift; sourceTree = "<group>"; };
		E084120C2C1A05B000231A93 /* meetingData.json */ = {isa = PBXFileReference; fileEncoding = 4; lastKnownFileType = text.json; path = meetingData.json; sourceTree = "<group>"; };
		E084120E2C1A074100231A93 /* Meeting.swift */ = {isa = PBXFileReference; lastKnownFileType = sourcecode.swift; path = Meeting.swift; sourceTree = "<group>"; };
		E08412372C1A0B6700231A93 /* ModelData.swift */ = {isa = PBXFileReference; fileEncoding = 4; lastKnownFileType = sourcecode.swift; path = ModelData.swift; sourceTree = "<group>"; };
		E08412442C1A2F1B00231A93 /* SearchFriendTableViewCell.swift */ = {isa = PBXFileReference; lastKnownFileType = sourcecode.swift; path = SearchFriendTableViewCell.swift; sourceTree = "<group>"; };
		E084124F2C1A3BFB00231A93 /* GoogleService-Info.plist */ = {isa = PBXFileReference; fileEncoding = 4; lastKnownFileType = text.plist.xml; path = "GoogleService-Info.plist"; sourceTree = "<group>"; };
		E08412512C1A3C5100231A93 /* UsersDbFirebase.swift */ = {isa = PBXFileReference; fileEncoding = 4; lastKnownFileType = sourcecode.swift; path = UsersDbFirebase.swift; sourceTree = "<group>"; };
		E08412522C1A3C5100231A93 /* Database.swift */ = {isa = PBXFileReference; fileEncoding = 4; lastKnownFileType = sourcecode.swift; path = Database.swift; sourceTree = "<group>"; };
		E08412552C1A3E4800231A93 /* User.swift */ = {isa = PBXFileReference; lastKnownFileType = sourcecode.swift; path = User.swift; sourceTree = "<group>"; };
		E08412572C1A3F2200231A93 /* Image.swift */ = {isa = PBXFileReference; fileEncoding = 4; lastKnownFileType = sourcecode.swift; path = Image.swift; sourceTree = "<group>"; };
		E08412592C1A981100231A93 /* ImagePool.swift */ = {isa = PBXFileReference; fileEncoding = 4; lastKnownFileType = sourcecode.swift; path = ImagePool.swift; sourceTree = "<group>"; };
		E084125D2C1ABA4200231A93 /* UsersFollowingDbFirebase.swift */ = {isa = PBXFileReference; lastKnownFileType = sourcecode.swift; path = UsersFollowingDbFirebase.swift; sourceTree = "<group>"; };
		E084125F2C1ADB4800231A93 /* Following.swift */ = {isa = PBXFileReference; lastKnownFileType = sourcecode.swift; path = Following.swift; sourceTree = "<group>"; };
		E0E20D932C1B434800E717E2 /* AddMeetingViewController.swift */ = {isa = PBXFileReference; lastKnownFileType = sourcecode.swift; path = AddMeetingViewController.swift; sourceTree = "<group>"; };
		E0E20D952C1C20DF00E717E2 /* UsersMeetingDbFirebase.swift */ = {isa = PBXFileReference; lastKnownFileType = sourcecode.swift; path = UsersMeetingDbFirebase.swift; sourceTree = "<group>"; };
		E0E20D992C1C7EAE00E717E2 /* AddMeetingFriendCollectionViewCell.swift */ = {isa = PBXFileReference; lastKnownFileType = sourcecode.swift; path = AddMeetingFriendCollectionViewCell.swift; sourceTree = "<group>"; };
		E0E20D9B2C1C9A5600E717E2 /* AddMeetingFriendTableViewCell.swift */ = {isa = PBXFileReference; lastKnownFileType = sourcecode.swift; path = AddMeetingFriendTableViewCell.swift; sourceTree = "<group>"; };
		E0E20D9D2C1D8F0900E717E2 /* AccountChargeViewController.swift */ = {isa = PBXFileReference; lastKnownFileType = sourcecode.swift; path = AccountChargeViewController.swift; sourceTree = "<group>"; };
		E0E20DA12C1DAE1A00E717E2 /* MeetingAccountCollectionViewCell.swift */ = {isa = PBXFileReference; lastKnownFileType = sourcecode.swift; path = MeetingAccountCollectionViewCell.swift; sourceTree = "<group>"; };
		E0E20DA32C1DB7FB00E717E2 /* MeetingAccountChargeViewController.swift */ = {isa = PBXFileReference; lastKnownFileType = sourcecode.swift; path = MeetingAccountChargeViewController.swift; sourceTree = "<group>"; };
/* End PBXFileReference section */

/* Begin PBXFrameworksBuildPhase section */
		E055DB7D2C19E534003B7D7E /* Frameworks */ = {
			isa = PBXFrameworksBuildPhase;
			buildActionMask = 2147483647;
			files = (
				E084123F2C1A2EEA00231A93 /* FirebaseAnalyticsSwift in Frameworks */,
				E084123B2C1A2EEA00231A93 /* FirebaseAnalytics in Frameworks */,
				E084123D2C1A2EEA00231A93 /* FirebaseAnalyticsOnDeviceConversion in Frameworks */,
				E08412432C1A2EEA00231A93 /* FirebaseAppCheck in Frameworks */,
				E084124C2C1A340800231A93 /* FirebaseStorage in Frameworks */,
				E08412412C1A2EEA00231A93 /* FirebaseAnalyticsWithoutAdIdSupport in Frameworks */,
				E084124A2C1A340800231A93 /* FirebaseFirestore in Frameworks */,
				E084125C2C1AA8E700231A93 /* FirebaseAuth in Frameworks */,
			);
			runOnlyForDeploymentPostprocessing = 0;
		};
/* End PBXFrameworksBuildPhase section */

/* Begin PBXGroup section */
		E055DB772C19E534003B7D7E = {
			isa = PBXGroup;
			children = (
				E055DB822C19E534003B7D7E /* ios_termproject_2071145 */,
				E055DB812C19E534003B7D7E /* Products */,
				E08412482C1A340800231A93 /* Frameworks */,
			);
			sourceTree = "<group>";
		};
		E055DB812C19E534003B7D7E /* Products */ = {
			isa = PBXGroup;
			children = (
				E055DB802C19E534003B7D7E /* ios_termproject_2071145.app */,
			);
			name = Products;
			sourceTree = "<group>";
		};
		E055DB822C19E534003B7D7E /* ios_termproject_2071145 */ = {
			isa = PBXGroup;
			children = (
				E055DB832C19E534003B7D7E /* AppDelegate.swift */,
				E055DB852C19E534003B7D7E /* SceneDelegate.swift */,
				E055DB892C19E534003B7D7E /* Main.storyboard */,
				E055DB8C2C19E535003B7D7E /* Assets.xcassets */,
				E055DB8E2C19E535003B7D7E /* LaunchScreen.storyboard */,
				E055DB912C19E535003B7D7E /* Info.plist */,
				E055DB992C19E904003B7D7E /* LoginViewController.swift */,
				E055DB9B2C19E910003B7D7E /* SignupViewController.swift */,
				E055DB9D2C19FA95003B7D7E /* HomeViewController.swift */,
				E0E20D932C1B434800E717E2 /* AddMeetingViewController.swift */,
				E0E20D992C1C7EAE00E717E2 /* AddMeetingFriendCollectionViewCell.swift */,
				E0E20D9B2C1C9A5600E717E2 /* AddMeetingFriendTableViewCell.swift */,
				E08412062C19FECA00231A93 /* SearchFriendViewController.swift */,
				E08412442C1A2F1B00231A93 /* SearchFriendTableViewCell.swift */,
				E08412082C19FED400231A93 /* MyProfileViewController.swift */,
				E0E20D9D2C1D8F0900E717E2 /* AccountChargeViewController.swift */,
				E084120A2C19FF0A00231A93 /* AccountViewController.swift */,
				E0E20DA12C1DAE1A00E717E2 /* MeetingAccountCollectionViewCell.swift */,
				E0E20DA32C1DB7FB00E717E2 /* MeetingAccountChargeViewController.swift */,
				E08412372C1A0B6700231A93 /* ModelData.swift */,
				E08412572C1A3F2200231A93 /* Image.swift */,
				E08412592C1A981100231A93 /* ImagePool.swift */,
				E084120C2C1A05B000231A93 /* meetingData.json */,
				E084120E2C1A074100231A93 /* Meeting.swift */,
				E0E20D952C1C20DF00E717E2 /* UsersMeetingDbFirebase.swift */,
				E08412552C1A3E4800231A93 /* User.swift */,
				E08412512C1A3C5100231A93 /* UsersDbFirebase.swift */,
				E084125F2C1ADB4800231A93 /* Following.swift */,
				E084125D2C1ABA4200231A93 /* UsersFollowingDbFirebase.swift */,
				E084124F2C1A3BFB00231A93 /* GoogleService-Info.plist */,
				E08412522C1A3C5100231A93 /* Database.swift */,
			);
			path = ios_termproject_2071145;
			sourceTree = "<group>";
		};
		E08412482C1A340800231A93 /* Frameworks */ = {
			isa = PBXGroup;
			children = (
			);
			name = Frameworks;
			sourceTree = "<group>";
		};
/* End PBXGroup section */

/* Begin PBXNativeTarget section */
		E055DB7F2C19E534003B7D7E /* ios_termproject_2071145 */ = {
			isa = PBXNativeTarget;
			buildConfigurationList = E055DB942C19E535003B7D7E /* Build configuration list for PBXNativeTarget "ios_termproject_2071145" */;
			buildPhases = (
				E055DB7C2C19E534003B7D7E /* Sources */,
				E055DB7D2C19E534003B7D7E /* Frameworks */,
				E055DB7E2C19E534003B7D7E /* Resources */,
			);
			buildRules = (
			);
			dependencies = (
			);
			name = ios_termproject_2071145;
			packageProductDependencies = (
				E084123A2C1A2EEA00231A93 /* FirebaseAnalytics */,
				E084123C2C1A2EEA00231A93 /* FirebaseAnalyticsOnDeviceConversion */,
				E084123E2C1A2EEA00231A93 /* FirebaseAnalyticsSwift */,
				E08412402C1A2EEA00231A93 /* FirebaseAnalyticsWithoutAdIdSupport */,
				E08412422C1A2EEA00231A93 /* FirebaseAppCheck */,
				E08412492C1A340800231A93 /* FirebaseFirestore */,
				E084124B2C1A340800231A93 /* FirebaseStorage */,
				E084125B2C1AA8E700231A93 /* FirebaseAuth */,
			);
			productName = ios_termproject_2071145;
			productReference = E055DB802C19E534003B7D7E /* ios_termproject_2071145.app */;
			productType = "com.apple.product-type.application";
		};
/* End PBXNativeTarget section */

/* Begin PBXProject section */
		E055DB782C19E534003B7D7E /* Project object */ = {
			isa = PBXProject;
			attributes = {
				BuildIndependentTargetsInParallel = 1;
				LastSwiftUpdateCheck = 1520;
				LastUpgradeCheck = 1520;
				TargetAttributes = {
					E055DB7F2C19E534003B7D7E = {
						CreatedOnToolsVersion = 15.2;
					};
				};
			};
			buildConfigurationList = E055DB7B2C19E534003B7D7E /* Build configuration list for PBXProject "ios_termproject_2071145" */;
			compatibilityVersion = "Xcode 14.0";
			developmentRegion = en;
			hasScannedForEncodings = 0;
			knownRegions = (
				en,
				Base,
			);
			mainGroup = E055DB772C19E534003B7D7E;
			packageReferences = (
				E08412392C1A2EEA00231A93 /* XCRemoteSwiftPackageReference "firebase-ios-sdk" */,
			);
			productRefGroup = E055DB812C19E534003B7D7E /* Products */;
			projectDirPath = "";
			projectRoot = "";
			targets = (
				E055DB7F2C19E534003B7D7E /* ios_termproject_2071145 */,
			);
		};
/* End PBXProject section */

/* Begin PBXResourcesBuildPhase section */
		E055DB7E2C19E534003B7D7E /* Resources */ = {
			isa = PBXResourcesBuildPhase;
			buildActionMask = 2147483647;
			files = (
				E084120D2C1A05B000231A93 /* meetingData.json in Resources */,
				E055DB902C19E535003B7D7E /* LaunchScreen.storyboard in Resources */,
				E08412502C1A3BFB00231A93 /* GoogleService-Info.plist in Resources */,
				E055DB8D2C19E535003B7D7E /* Assets.xcassets in Resources */,
				E055DB8B2C19E534003B7D7E /* Main.storyboard in Resources */,
			);
			runOnlyForDeploymentPostprocessing = 0;
		};
/* End PBXResourcesBuildPhase section */

/* Begin PBXSourcesBuildPhase section */
		E055DB7C2C19E534003B7D7E /* Sources */ = {
			isa = PBXSourcesBuildPhase;
			buildActionMask = 2147483647;
			files = (
				E055DB9A2C19E904003B7D7E /* LoginViewController.swift in Sources */,
				E0E20D962C1C20DF00E717E2 /* UsersMeetingDbFirebase.swift in Sources */,
				E08412532C1A3C5200231A93 /* UsersDbFirebase.swift in Sources */,
				E08412072C19FECA00231A93 /* SearchFriendViewController.swift in Sources */,
				E055DB9C2C19E910003B7D7E /* SignupViewController.swift in Sources */,
				E084125A2C1A981100231A93 /* ImagePool.swift in Sources */,
				E055DB842C19E534003B7D7E /* AppDelegate.swift in Sources */,
				E0E20D9A2C1C7EAE00E717E2 /* AddMeetingFriendCollectionViewCell.swift in Sources */,
				E08412602C1ADB4800231A93 /* Following.swift in Sources */,
				E084125E2C1ABA4200231A93 /* UsersFollowingDbFirebase.swift in Sources */,
				E0E20D942C1B434800E717E2 /* AddMeetingViewController.swift in Sources */,
				E084120F2C1A074100231A93 /* Meeting.swift in Sources */,
				E055DB862C19E534003B7D7E /* SceneDelegate.swift in Sources */,
				E08412562C1A3E4800231A93 /* User.swift in Sources */,
				E0E20DA22C1DAE1A00E717E2 /* MeetingAccountCollectionViewCell.swift in Sources */,
				E08412582C1A3F2300231A93 /* Image.swift in Sources */,
				E0E20D9E2C1D8F0900E717E2 /* AccountChargeViewController.swift in Sources */,
				E08412452C1A2F1B00231A93 /* SearchFriendTableViewCell.swift in Sources */,
				E08412382C1A0B6700231A93 /* ModelData.swift in Sources */,
				E08412092C19FED400231A93 /* MyProfileViewController.swift in Sources */,
				E0E20DA42C1DB7FB00E717E2 /* MeetingAccountChargeViewController.swift in Sources */,
				E055DB9E2C19FA95003B7D7E /* HomeViewController.swift in Sources */,
				E0E20D9C2C1C9A5600E717E2 /* AddMeetingFriendTableViewCell.swift in Sources */,
				E08412542C1A3C5200231A93 /* Database.swift in Sources */,
				E084120B2C19FF0A00231A93 /* AccountViewController.swift in Sources */,
			);
			runOnlyForDeploymentPostprocessing = 0;
		};
/* End PBXSourcesBuildPhase section */

/* Begin PBXVariantGroup section */
		E055DB892C19E534003B7D7E /* Main.storyboard */ = {
			isa = PBXVariantGroup;
			children = (
				E055DB8A2C19E534003B7D7E /* Base */,
			);
			name = Main.storyboard;
			sourceTree = "<group>";
		};
		E055DB8E2C19E535003B7D7E /* LaunchScreen.storyboard */ = {
			isa = PBXVariantGroup;
			children = (
				E055DB8F2C19E535003B7D7E /* Base */,
			);
			name = LaunchScreen.storyboard;
			sourceTree = "<group>";
		};
/* End PBXVariantGroup section */

/* Begin XCBuildConfiguration section */
		E055DB922C19E535003B7D7E /* Debug */ = {
			isa = XCBuildConfiguration;
			buildSettings = {
				ALWAYS_SEARCH_USER_PATHS = NO;
				ASSETCATALOG_COMPILER_GENERATE_SWIFT_ASSET_SYMBOL_EXTENSIONS = YES;
				CLANG_ANALYZER_NONNULL = YES;
				CLANG_ANALYZER_NUMBER_OBJECT_CONVERSION = YES_AGGRESSIVE;
				CLANG_CXX_LANGUAGE_STANDARD = "gnu++20";
				CLANG_ENABLE_MODULES = YES;
				CLANG_ENABLE_OBJC_ARC = YES;
				CLANG_ENABLE_OBJC_WEAK = YES;
				CLANG_WARN_BLOCK_CAPTURE_AUTORELEASING = YES;
				CLANG_WARN_BOOL_CONVERSION = YES;
				CLANG_WARN_COMMA = YES;
				CLANG_WARN_CONSTANT_CONVERSION = YES;
				CLANG_WARN_DEPRECATED_OBJC_IMPLEMENTATIONS = YES;
				CLANG_WARN_DIRECT_OBJC_ISA_USAGE = YES_ERROR;
				CLANG_WARN_DOCUMENTATION_COMMENTS = YES;
				CLANG_WARN_EMPTY_BODY = YES;
				CLANG_WARN_ENUM_CONVERSION = YES;
				CLANG_WARN_INFINITE_RECURSION = YES;
				CLANG_WARN_INT_CONVERSION = YES;
				CLANG_WARN_NON_LITERAL_NULL_CONVERSION = YES;
				CLANG_WARN_OBJC_IMPLICIT_RETAIN_SELF = YES;
				CLANG_WARN_OBJC_LITERAL_CONVERSION = YES;
				CLANG_WARN_OBJC_ROOT_CLASS = YES_ERROR;
				CLANG_WARN_QUOTED_INCLUDE_IN_FRAMEWORK_HEADER = YES;
				CLANG_WARN_RANGE_LOOP_ANALYSIS = YES;
				CLANG_WARN_STRICT_PROTOTYPES = YES;
				CLANG_WARN_SUSPICIOUS_MOVE = YES;
				CLANG_WARN_UNGUARDED_AVAILABILITY = YES_AGGRESSIVE;
				CLANG_WARN_UNREACHABLE_CODE = YES;
				CLANG_WARN__DUPLICATE_METHOD_MATCH = YES;
				COPY_PHASE_STRIP = NO;
				DEBUG_INFORMATION_FORMAT = dwarf;
				ENABLE_STRICT_OBJC_MSGSEND = YES;
				ENABLE_TESTABILITY = YES;
				ENABLE_USER_SCRIPT_SANDBOXING = YES;
				GCC_C_LANGUAGE_STANDARD = gnu17;
				GCC_DYNAMIC_NO_PIC = NO;
				GCC_NO_COMMON_BLOCKS = YES;
				GCC_OPTIMIZATION_LEVEL = 0;
				GCC_PREPROCESSOR_DEFINITIONS = (
					"DEBUG=1",
					"$(inherited)",
				);
				GCC_WARN_64_TO_32_BIT_CONVERSION = YES;
				GCC_WARN_ABOUT_RETURN_TYPE = YES_ERROR;
				GCC_WARN_UNDECLARED_SELECTOR = YES;
				GCC_WARN_UNINITIALIZED_AUTOS = YES_AGGRESSIVE;
				GCC_WARN_UNUSED_FUNCTION = YES;
				GCC_WARN_UNUSED_VARIABLE = YES;
				IPHONEOS_DEPLOYMENT_TARGET = 17.2;
				LOCALIZATION_PREFERS_STRING_CATALOGS = YES;
				MTL_ENABLE_DEBUG_INFO = INCLUDE_SOURCE;
				MTL_FAST_MATH = YES;
				ONLY_ACTIVE_ARCH = YES;
				SDKROOT = iphoneos;
				SWIFT_ACTIVE_COMPILATION_CONDITIONS = "DEBUG $(inherited)";
				SWIFT_OPTIMIZATION_LEVEL = "-Onone";
			};
			name = Debug;
		};
		E055DB932C19E535003B7D7E /* Release */ = {
			isa = XCBuildConfiguration;
			buildSettings = {
				ALWAYS_SEARCH_USER_PATHS = NO;
				ASSETCATALOG_COMPILER_GENERATE_SWIFT_ASSET_SYMBOL_EXTENSIONS = YES;
				CLANG_ANALYZER_NONNULL = YES;
				CLANG_ANALYZER_NUMBER_OBJECT_CONVERSION = YES_AGGRESSIVE;
				CLANG_CXX_LANGUAGE_STANDARD = "gnu++20";
				CLANG_ENABLE_MODULES = YES;
				CLANG_ENABLE_OBJC_ARC = YES;
				CLANG_ENABLE_OBJC_WEAK = YES;
				CLANG_WARN_BLOCK_CAPTURE_AUTORELEASING = YES;
				CLANG_WARN_BOOL_CONVERSION = YES;
				CLANG_WARN_COMMA = YES;
				CLANG_WARN_CONSTANT_CONVERSION = YES;
				CLANG_WARN_DEPRECATED_OBJC_IMPLEMENTATIONS = YES;
				CLANG_WARN_DIRECT_OBJC_ISA_USAGE = YES_ERROR;
				CLANG_WARN_DOCUMENTATION_COMMENTS = YES;
				CLANG_WARN_EMPTY_BODY = YES;
				CLANG_WARN_ENUM_CONVERSION = YES;
				CLANG_WARN_INFINITE_RECURSION = YES;
				CLANG_WARN_INT_CONVERSION = YES;
				CLANG_WARN_NON_LITERAL_NULL_CONVERSION = YES;
				CLANG_WARN_OBJC_IMPLICIT_RETAIN_SELF = YES;
				CLANG_WARN_OBJC_LITERAL_CONVERSION = YES;
				CLANG_WARN_OBJC_ROOT_CLASS = YES_ERROR;
				CLANG_WARN_QUOTED_INCLUDE_IN_FRAMEWORK_HEADER = YES;
				CLANG_WARN_RANGE_LOOP_ANALYSIS = YES;
				CLANG_WARN_STRICT_PROTOTYPES = YES;
				CLANG_WARN_SUSPICIOUS_MOVE = YES;
				CLANG_WARN_UNGUARDED_AVAILABILITY = YES_AGGRESSIVE;
				CLANG_WARN_UNREACHABLE_CODE = YES;
				CLANG_WARN__DUPLICATE_METHOD_MATCH = YES;
				COPY_PHASE_STRIP = NO;
				DEBUG_INFORMATION_FORMAT = "dwarf-with-dsym";
				ENABLE_NS_ASSERTIONS = NO;
				ENABLE_STRICT_OBJC_MSGSEND = YES;
				ENABLE_USER_SCRIPT_SANDBOXING = YES;
				GCC_C_LANGUAGE_STANDARD = gnu17;
				GCC_NO_COMMON_BLOCKS = YES;
				GCC_WARN_64_TO_32_BIT_CONVERSION = YES;
				GCC_WARN_ABOUT_RETURN_TYPE = YES_ERROR;
				GCC_WARN_UNDECLARED_SELECTOR = YES;
				GCC_WARN_UNINITIALIZED_AUTOS = YES_AGGRESSIVE;
				GCC_WARN_UNUSED_FUNCTION = YES;
				GCC_WARN_UNUSED_VARIABLE = YES;
				IPHONEOS_DEPLOYMENT_TARGET = 17.2;
				LOCALIZATION_PREFERS_STRING_CATALOGS = YES;
				MTL_ENABLE_DEBUG_INFO = NO;
				MTL_FAST_MATH = YES;
				SDKROOT = iphoneos;
				SWIFT_COMPILATION_MODE = wholemodule;
				VALIDATE_PRODUCT = YES;
			};
			name = Release;
		};
		E055DB952C19E535003B7D7E /* Debug */ = {
			isa = XCBuildConfiguration;
			buildSettings = {
				ASSETCATALOG_COMPILER_APPICON_NAME = AppIcon;
				ASSETCATALOG_COMPILER_GLOBAL_ACCENT_COLOR_NAME = AccentColor;
				CODE_SIGN_STYLE = Automatic;
				CURRENT_PROJECT_VERSION = 1;
				GENERATE_INFOPLIST_FILE = YES;
				INFOPLIST_FILE = ios_termproject_2071145/Info.plist;
				INFOPLIST_KEY_UIApplicationSupportsIndirectInputEvents = YES;
				INFOPLIST_KEY_UILaunchStoryboardName = LaunchScreen;
				INFOPLIST_KEY_UIMainStoryboardFile = Main;
				INFOPLIST_KEY_UISupportedInterfaceOrientations_iPad = "UIInterfaceOrientationPortrait UIInterfaceOrientationPortraitUpsideDown UIInterfaceOrientationLandscapeLeft UIInterfaceOrientationLandscapeRight";
				INFOPLIST_KEY_UISupportedInterfaceOrientations_iPhone = "UIInterfaceOrientationPortrait UIInterfaceOrientationLandscapeLeft UIInterfaceOrientationLandscapeRight";
				IPHONEOS_DEPLOYMENT_TARGET = 17.2;
				LD_RUNPATH_SEARCH_PATHS = (
					"$(inherited)",
					"@executable_path/Frameworks",
				);
				MARKETING_VERSION = 1.0;
				PRODUCT_BUNDLE_IDENTIFIER = "yhg.ios-termproject-2071145";
				PRODUCT_NAME = "$(TARGET_NAME)";
				SWIFT_EMIT_LOC_STRINGS = YES;
				SWIFT_VERSION = 5.0;
				TARGETED_DEVICE_FAMILY = "1,2";
			};
			name = Debug;
		};
		E055DB962C19E535003B7D7E /* Release */ = {
			isa = XCBuildConfiguration;
			buildSettings = {
				ASSETCATALOG_COMPILER_APPICON_NAME = AppIcon;
				ASSETCATALOG_COMPILER_GLOBAL_ACCENT_COLOR_NAME = AccentColor;
				CODE_SIGN_STYLE = Automatic;
				CURRENT_PROJECT_VERSION = 1;
				GENERATE_INFOPLIST_FILE = YES;
				INFOPLIST_FILE = ios_termproject_2071145/Info.plist;
				INFOPLIST_KEY_UIApplicationSupportsIndirectInputEvents = YES;
				INFOPLIST_KEY_UILaunchStoryboardName = LaunchScreen;
				INFOPLIST_KEY_UIMainStoryboardFile = Main;
				INFOPLIST_KEY_UISupportedInterfaceOrientations_iPad = "UIInterfaceOrientationPortrait UIInterfaceOrientationPortraitUpsideDown UIInterfaceOrientationLandscapeLeft UIInterfaceOrientationLandscapeRight";
				INFOPLIST_KEY_UISupportedInterfaceOrientations_iPhone = "UIInterfaceOrientationPortrait UIInterfaceOrientationLandscapeLeft UIInterfaceOrientationLandscapeRight";
				IPHONEOS_DEPLOYMENT_TARGET = 17.2;
				LD_RUNPATH_SEARCH_PATHS = (
					"$(inherited)",
					"@executable_path/Frameworks",
				);
				MARKETING_VERSION = 1.0;
				PRODUCT_BUNDLE_IDENTIFIER = "yhg.ios-termproject-2071145";
				PRODUCT_NAME = "$(TARGET_NAME)";
				SWIFT_EMIT_LOC_STRINGS = YES;
				SWIFT_VERSION = 5.0;
				TARGETED_DEVICE_FAMILY = "1,2";
			};
			name = Release;
		};
/* End XCBuildConfiguration section */

/* Begin XCConfigurationList section */
		E055DB7B2C19E534003B7D7E /* Build configuration list for PBXProject "ios_termproject_2071145" */ = {
			isa = XCConfigurationList;
			buildConfigurations = (
				E055DB922C19E535003B7D7E /* Debug */,
				E055DB932C19E535003B7D7E /* Release */,
			);
			defaultConfigurationIsVisible = 0;
			defaultConfigurationName = Release;
		};
		E055DB942C19E535003B7D7E /* Build configuration list for PBXNativeTarget "ios_termproject_2071145" */ = {
			isa = XCConfigurationList;
			buildConfigurations = (
				E055DB952C19E535003B7D7E /* Debug */,
				E055DB962C19E535003B7D7E /* Release */,
			);
			defaultConfigurationIsVisible = 0;
			defaultConfigurationName = Release;
		};
/* End XCConfigurationList section */

/* Begin XCRemoteSwiftPackageReference section */
		E08412392C1A2EEA00231A93 /* XCRemoteSwiftPackageReference "firebase-ios-sdk" */ = {
			isa = XCRemoteSwiftPackageReference;
			repositoryURL = "https://github.com/firebase/firebase-ios-sdk";
			requirement = {
				kind = upToNextMajorVersion;
				minimumVersion = 10.27.0;
			};
		};
/* End XCRemoteSwiftPackageReference section */

/* Begin XCSwiftPackageProductDependency section */
		E084123A2C1A2EEA00231A93 /* FirebaseAnalytics */ = {
			isa = XCSwiftPackageProductDependency;
			package = E08412392C1A2EEA00231A93 /* XCRemoteSwiftPackageReference "firebase-ios-sdk" */;
			productName = FirebaseAnalytics;
		};
		E084123C2C1A2EEA00231A93 /* FirebaseAnalyticsOnDeviceConversion */ = {
			isa = XCSwiftPackageProductDependency;
			package = E08412392C1A2EEA00231A93 /* XCRemoteSwiftPackageReference "firebase-ios-sdk" */;
			productName = FirebaseAnalyticsOnDeviceConversion;
		};
		E084123E2C1A2EEA00231A93 /* FirebaseAnalyticsSwift */ = {
			isa = XCSwiftPackageProductDependency;
			package = E08412392C1A2EEA00231A93 /* XCRemoteSwiftPackageReference "firebase-ios-sdk" */;
			productName = FirebaseAnalyticsSwift;
		};
		E08412402C1A2EEA00231A93 /* FirebaseAnalyticsWithoutAdIdSupport */ = {
			isa = XCSwiftPackageProductDependency;
			package = E08412392C1A2EEA00231A93 /* XCRemoteSwiftPackageReference "firebase-ios-sdk" */;
			productName = FirebaseAnalyticsWithoutAdIdSupport;
		};
		E08412422C1A2EEA00231A93 /* FirebaseAppCheck */ = {
			isa = XCSwiftPackageProductDependency;
			package = E08412392C1A2EEA00231A93 /* XCRemoteSwiftPackageReference "firebase-ios-sdk" */;
			productName = FirebaseAppCheck;
		};
		E08412492C1A340800231A93 /* FirebaseFirestore */ = {
			isa = XCSwiftPackageProductDependency;
			package = E08412392C1A2EEA00231A93 /* XCRemoteSwiftPackageReference "firebase-ios-sdk" */;
			productName = FirebaseFirestore;
		};
		E084124B2C1A340800231A93 /* FirebaseStorage */ = {
			isa = XCSwiftPackageProductDependency;
			package = E08412392C1A2EEA00231A93 /* XCRemoteSwiftPackageReference "firebase-ios-sdk" */;
			productName = FirebaseStorage;
		};
		E084125B2C1AA8E700231A93 /* FirebaseAuth */ = {
			isa = XCSwiftPackageProductDependency;
			package = E08412392C1A2EEA00231A93 /* XCRemoteSwiftPackageReference "firebase-ios-sdk" */;
			productName = FirebaseAuth;
		};
/* End XCSwiftPackageProductDependency section */
	};
	rootObject = E055DB782C19E534003B7D7E /* Project object */;
}
